
Microsoft Visual Studio Solution File, Format Version 12.00
# Visual Studio Version 17
VisualStudioVersion = 17.6.33712.159
MinimumVisualStudioVersion = 10.0.40219.1
Project("{8BC9CEB8-8B4A-11D0-8D11-00A0C91BC942}") = "test110", "test110\test110.vcxproj", "{495FC92F-E5EF-425E-8B23-A9EB34B9B625}"
EndProject
Global
	GlobalSection(SolutionConfigurationPlatforms) = preSolution
		Debug|x64 = Debug|x64
		Debug|x86 = Debug|x86
		Release|x64 = Release|x64
		Release|x86 = Release|x86
	EndGlobalSection
	GlobalSection(ProjectConfigurationPlatforms) = postSolution
		{495FC92F-E5EF-425E-8B23-A9EB34B9B625}.Debug|x64.ActiveCfg = Debug|x64
		{495FC92F-E5EF-425E-8B23-A9EB34B9B625}.Debug|x64.Build.0 = Debug|x64
		{495FC92F-E5EF-425E-8B23-A9EB34B9B625}.Debug|x86.ActiveCfg = Debug|Win32
		{495FC92F-E5EF-425E-8B23-A9EB34B9B625}.Debug|x86.Build.0 = Debug|Win32
		{495FC92F-E5EF-425E-8B23-A9EB34B9B625}.Release|x64.ActiveCfg = Release|x64
		{495FC92F-E5EF-425E-8B23-A9EB34B9B625}.Release|x64.Build.0 = Release|x64
		{495FC92F-E5EF-425E-8B23-A9EB34B9B625}.Release|x86.ActiveCfg = Release|Win32
		{495FC92F-E5EF-425E-8B23-A9EB34B9B625}.Release|x86.Build.0 = Release|Win32
	EndGlobalSection
	GlobalSection(SolutionProperties) = preSolution
		HideSolutionNode = FALSE
	EndGlobalSection
	GlobalSection(ExtensibilityGlobals) = postSolution
		SolutionGuid = {8B207ED3-7213-49AA-8EE3-5F9143DAC7F8}
	EndGlobalSection
EndGlobal
